
Microsoft Visual Studio Solution File, Format Version 12.00
Project("{FAE04EC0-301F-11D3-BF4B-00C04F79EFBC}") = "Day1", "Day1\Day1.csproj", "{C129692D-8DC5-43BA-A39C-994D07B7A557}"
EndProject
Project("{FAE04EC0-301F-11D3-BF4B-00C04F79EFBC}") = "Toolbox", "Toolbox\Toolbox.csproj", "{176D5C25-DC23-4B5B-936E-7B21990A42C6}"
EndProject
Global
	GlobalSection(SolutionConfigurationPlatforms) = preSolution
		Debug|Any CPU = Debug|Any CPU
		Release|Any CPU = Release|Any CPU
	EndGlobalSection
	GlobalSection(ProjectConfigurationPlatforms) = postSolution
		{C129692D-8DC5-43BA-A39C-994D07B7A557}.Debug|Any CPU.ActiveCfg = Debug|Any CPU
		{C129692D-8DC5-43BA-A39C-994D07B7A557}.Debug|Any CPU.Build.0 = Debug|Any CPU
		{C129692D-8DC5-43BA-A39C-994D07B7A557}.Release|Any CPU.ActiveCfg = Release|Any CPU
		{C129692D-8DC5-43BA-A39C-994D07B7A557}.Release|Any CPU.Build.0 = Release|Any CPU
		{176D5C25-DC23-4B5B-936E-7B21990A42C6}.Debug|Any CPU.ActiveCfg = Debug|Any CPU
		{176D5C25-DC23-4B5B-936E-7B21990A42C6}.Debug|Any CPU.Build.0 = Debug|Any CPU
		{176D5C25-DC23-4B5B-936E-7B21990A42C6}.Release|Any CPU.ActiveCfg = Release|Any CPU
		{176D5C25-DC23-4B5B-936E-7B21990A42C6}.Release|Any CPU.Build.0 = Release|Any CPU
	EndGlobalSection
EndGlobal
